// !$*UTF8*$!
{
	archiveVersion = 1;
	classes = {
	};
	objectVersion = 56;
	objects = {

/* Begin PBXBuildFile section */
		365D069B2C594B8E00E0DA73 /* KoinApp.swift in Sources */ = {isa = PBXBuildFile; fileRef = 365D069A2C594B8E00E0DA73 /* KoinApp.swift */; };
		365D069D2C594B8E00E0DA73 /* ContentView.swift in Sources */ = {isa = PBXBuildFile; fileRef = 365D069C2C594B8E00E0DA73 /* ContentView.swift */; };
		365D069F2C594B9200E0DA73 /* Assets.xcassets in Resources */ = {isa = PBXBuildFile; fileRef = 365D069E2C594B9200E0DA73 /* Assets.xcassets */; };
		365D06A22C594B9200E0DA73 /* Preview Assets.xcassets in Resources */ = {isa = PBXBuildFile; fileRef = 365D06A12C594B9200E0DA73 /* Preview Assets.xcassets */; };
		365D06A92C594BC900E0DA73 /* CoinView.swift in Sources */ = {isa = PBXBuildFile; fileRef = 365D06A82C594BC900E0DA73 /* CoinView.swift */; };
		365D06AB2C594C0B00E0DA73 /* TradeView.swift in Sources */ = {isa = PBXBuildFile; fileRef = 365D06AA2C594C0B00E0DA73 /* TradeView.swift */; };
		365D06AD2C594C1D00E0DA73 /* PortfolioView.swift in Sources */ = {isa = PBXBuildFile; fileRef = 365D06AC2C594C1D00E0DA73 /* PortfolioView.swift */; };
		365D06AF2C594C3300E0DA73 /* ChartView.swift in Sources */ = {isa = PBXBuildFile; fileRef = 365D06AE2C594C3300E0DA73 /* ChartView.swift */; };
		365D06B12C594C4800E0DA73 /* CoinViewModel.swift in Sources */ = {isa = PBXBuildFile; fileRef = 365D06B02C594C4800E0DA73 /* CoinViewModel.swift */; };
		365D06B32C594C6600E0DA73 /* TradeViewModel.swift in Sources */ = {isa = PBXBuildFile; fileRef = 365D06B22C594C6600E0DA73 /* TradeViewModel.swift */; };
		365D06B52C594C7600E0DA73 /* CoinDetailResponse.swift in Sources */ = {isa = PBXBuildFile; fileRef = 365D06B42C594C7600E0DA73 /* CoinDetailResponse.swift */; };
		365D06B72C594C8600E0DA73 /* CoinResponse.swift in Sources */ = {isa = PBXBuildFile; fileRef = 365D06B62C594C8600E0DA73 /* CoinResponse.swift */; };
		365D06B92C594C9600E0DA73 /* CoinGekkoService.swift in Sources */ = {isa = PBXBuildFile; fileRef = 365D06B82C594C9600E0DA73 /* CoinGekkoService.swift */; };
		365D06BB2C594CAE00E0DA73 /* OwnedCoin.swift in Sources */ = {isa = PBXBuildFile; fileRef = 365D06BA2C594CAE00E0DA73 /* OwnedCoin.swift */; };
/* End PBXBuildFile section */

/* Begin PBXFileReference section */
		365D06972C594B8E00E0DA73 /* Koin.app */ = {isa = PBXFileReference; explicitFileType = wrapper.application; includeInIndex = 0; path = Koin.app; sourceTree = BUILT_PRODUCTS_DIR; };
		365D069A2C594B8E00E0DA73 /* KoinApp.swift */ = {isa = PBXFileReference; lastKnownFileType = sourcecode.swift; path = KoinApp.swift; sourceTree = "<group>"; };
		365D069C2C594B8E00E0DA73 /* ContentView.swift */ = {isa = PBXFileReference; lastKnownFileType = sourcecode.swift; path = ContentView.swift; sourceTree = "<group>"; };
		365D069E2C594B9200E0DA73 /* Assets.xcassets */ = {isa = PBXFileReference; lastKnownFileType = folder.assetcatalog; path = Assets.xcassets; sourceTree = "<group>"; };
		365D06A12C594B9200E0DA73 /* Preview Assets.xcassets */ = {isa = PBXFileReference; lastKnownFileType = folder.assetcatalog; path = "Preview Assets.xcassets"; sourceTree = "<group>"; };
		365D06A82C594BC900E0DA73 /* CoinView.swift */ = {isa = PBXFileReference; lastKnownFileType = sourcecode.swift; path = CoinView.swift; sourceTree = "<group>"; };
		365D06AA2C594C0B00E0DA73 /* TradeView.swift */ = {isa = PBXFileReference; lastKnownFileType = sourcecode.swift; path = TradeView.swift; sourceTree = "<group>"; };
		365D06AC2C594C1D00E0DA73 /* PortfolioView.swift */ = {isa = PBXFileReference; lastKnownFileType = sourcecode.swift; path = PortfolioView.swift; sourceTree = "<group>"; };
		365D06AE2C594C3300E0DA73 /* ChartView.swift */ = {isa = PBXFileReference; lastKnownFileType = sourcecode.swift; path = ChartView.swift; sourceTree = "<group>"; };
		365D06B02C594C4800E0DA73 /* CoinViewModel.swift */ = {isa = PBXFileReference; lastKnownFileType = sourcecode.swift; path = CoinViewModel.swift; sourceTree = "<group>"; };
		365D06B22C594C6600E0DA73 /* TradeViewModel.swift */ = {isa = PBXFileReference; lastKnownFileType = sourcecode.swift; path = TradeViewModel.swift; sourceTree = "<group>"; };
		365D06B42C594C7600E0DA73 /* CoinDetailResponse.swift */ = {isa = PBXFileReference; lastKnownFileType = sourcecode.swift; path = CoinDetailResponse.swift; sourceTree = "<group>"; };
		365D06B62C594C8600E0DA73 /* CoinResponse.swift */ = {isa = PBXFileReference; lastKnownFileType = sourcecode.swift; path = CoinResponse.swift; sourceTree = "<group>"; };
		365D06B82C594C9600E0DA73 /* CoinGekkoService.swift */ = {isa = PBXFileReference; lastKnownFileType = sourcecode.swift; path = CoinGekkoService.swift; sourceTree = "<group>"; };
		365D06BA2C594CAE00E0DA73 /* OwnedCoin.swift */ = {isa = PBXFileReference; lastKnownFileType = sourcecode.swift; path = OwnedCoin.swift; sourceTree = "<group>"; };
/* End PBXFileReference section */

/* Begin PBXFrameworksBuildPhase section */
		365D06942C594B8E00E0DA73 /* Frameworks */ = {
			isa = PBXFrameworksBuildPhase;
			buildActionMask = 2147483647;
			files = (
			);
			runOnlyForDeploymentPostprocessing = 0;
		};
/* End PBXFrameworksBuildPhase section */

/* Begin PBXGroup section */
		365D068E2C594B8E00E0DA73 = {
			isa = PBXGroup;
			children = (
				365D06992C594B8E00E0DA73 /* Koin */,
				365D06982C594B8E00E0DA73 /* Products */,
			);
			sourceTree = "<group>";
		};
		365D06982C594B8E00E0DA73 /* Products */ = {
			isa = PBXGroup;
			children = (
				365D06972C594B8E00E0DA73 /* Koin.app */,
			);
			name = Products;
			sourceTree = "<group>";
		};
		365D06992C594B8E00E0DA73 /* Koin */ = {
			isa = PBXGroup;
			children = (
				365D069A2C594B8E00E0DA73 /* KoinApp.swift */,
				365D06B82C594C9600E0DA73 /* CoinGekkoService.swift */,
				365D06BD2C594DE800E0DA73 /* View */,
				365D06BE2C594E3500E0DA73 /* ViewModel */,
				365D06BC2C594DAD00E0DA73 /* Structure */,
				365D06BF2C594E6800E0DA73 /* Assets */,
				365D06A02C594B9200E0DA73 /* Preview Content */,
			);
			path = Koin;
			sourceTree = "<group>";
		};
		365D06A02C594B9200E0DA73 /* Preview Content */ = {
			isa = PBXGroup;
			children = (
				365D06A12C594B9200E0DA73 /* Preview Assets.xcassets */,
			);
			path = "Preview Content";
			sourceTree = "<group>";
		};
		365D06BC2C594DAD00E0DA73 /* Structure */ = {
			isa = PBXGroup;
			children = (
				365D06B62C594C8600E0DA73 /* CoinResponse.swift */,
				365D06B42C594C7600E0DA73 /* CoinDetailResponse.swift */,
				365D06BA2C594CAE00E0DA73 /* OwnedCoin.swift */,
			);
			path = Structure;
			sourceTree = "<group>";
		};
		365D06BD2C594DE800E0DA73 /* View */ = {
			isa = PBXGroup;
			children = (
				365D069C2C594B8E00E0DA73 /* ContentView.swift */,
				365D06AA2C594C0B00E0DA73 /* TradeView.swift */,
				365D06A82C594BC900E0DA73 /* CoinView.swift */,
				365D06AE2C594C3300E0DA73 /* ChartView.swift */,
				365D06AC2C594C1D00E0DA73 /* PortfolioView.swift */,
			);
			path = View;
			sourceTree = "<group>";
		};
		365D06BE2C594E3500E0DA73 /* ViewModel */ = {
			isa = PBXGroup;
			children = (
				365D06B02C594C4800E0DA73 /* CoinViewModel.swift */,
				365D06B22C594C6600E0DA73 /* TradeViewModel.swift */,
			);
			path = ViewModel;
			sourceTree = "<group>";
		};
		365D06BF2C594E6800E0DA73 /* Assets */ = {
			isa = PBXGroup;
			children = (
				365D069E2C594B9200E0DA73 /* Assets.xcassets */,
			);
			path = Assets;
			sourceTree = "<group>";
		};
/* End PBXGroup section */

/* Begin PBXNativeTarget section */
		365D06962C594B8E00E0DA73 /* Koin */ = {
			isa = PBXNativeTarget;
			buildConfigurationList = 365D06A52C594B9200E0DA73 /* Build configuration list for PBXNativeTarget "Koin" */;
			buildPhases = (
				365D06932C594B8E00E0DA73 /* Sources */,
				365D06942C594B8E00E0DA73 /* Frameworks */,
				365D06952C594B8E00E0DA73 /* Resources */,
			);
			buildRules = (
			);
			dependencies = (
			);
			name = Koin;
			productName = Koin;
			productReference = 365D06972C594B8E00E0DA73 /* Koin.app */;
			productType = "com.apple.product-type.application";
		};
/* End PBXNativeTarget section */

/* Begin PBXProject section */
		365D068F2C594B8E00E0DA73 /* Project object */ = {
			isa = PBXProject;
			attributes = {
				BuildIndependentTargetsInParallel = 1;
				LastSwiftUpdateCheck = 1540;
				LastUpgradeCheck = 1540;
				TargetAttributes = {
					365D06962C594B8E00E0DA73 = {
						CreatedOnToolsVersion = 15.4;
					};
				};
			};
			buildConfigurationList = 365D06922C594B8E00E0DA73 /* Build configuration list for PBXProject "Koin" */;
			compatibilityVersion = "Xcode 14.0";
			developmentRegion = en;
			hasScannedForEncodings = 0;
			knownRegions = (
				en,
				Base,
			);
			mainGroup = 365D068E2C594B8E00E0DA73;
			productRefGroup = 365D06982C594B8E00E0DA73 /* Products */;
			projectDirPath = "";
			projectRoot = "";
			targets = (
				365D06962C594B8E00E0DA73 /* Koin */,
			);
		};
/* End PBXProject section */

/* Begin PBXResourcesBuildPhase section */
		365D06952C594B8E00E0DA73 /* Resources */ = {
			isa = PBXResourcesBuildPhase;
			buildActionMask = 2147483647;
			files = (
				365D06A22C594B9200E0DA73 /* Preview Assets.xcassets in Resources */,
				365D069F2C594B9200E0DA73 /* Assets.xcassets in Resources */,
			);
			runOnlyForDeploymentPostprocessing = 0;
		};
/* End PBXResourcesBuildPhase section */

/* Begin PBXSourcesBuildPhase section */
		365D06932C594B8E00E0DA73 /* Sources */ = {
			isa = PBXSourcesBuildPhase;
			buildActionMask = 2147483647;
			files = (
				365D06A92C594BC900E0DA73 /* CoinView.swift in Sources */,
				365D06AD2C594C1D00E0DA73 /* PortfolioView.swift in Sources */,
				365D06B12C594C4800E0DA73 /* CoinViewModel.swift in Sources */,
				365D06B92C594C9600E0DA73 /* CoinGekkoService.swift in Sources */,
				365D06BB2C594CAE00E0DA73 /* OwnedCoin.swift in Sources */,
				365D06B32C594C6600E0DA73 /* TradeViewModel.swift in Sources */,
				365D06AB2C594C0B00E0DA73 /* TradeView.swift in Sources */,
				365D069D2C594B8E00E0DA73 /* ContentView.swift in Sources */,
				365D06B52C594C7600E0DA73 /* CoinDetailResponse.swift in Sources */,
				365D069B2C594B8E00E0DA73 /* KoinApp.swift in Sources */,
				365D06AF2C594C3300E0DA73 /* ChartView.swift in Sources */,
				365D06B72C594C8600E0DA73 /* CoinResponse.swift in Sources */,
			);
			runOnlyForDeploymentPostprocessing = 0;
		};
/* End PBXSourcesBuildPhase section */

/* Begin XCBuildConfiguration section */
		365D06A32C594B9200E0DA73 /* Debug */ = {
			isa = XCBuildConfiguration;
			buildSettings = {
				ALWAYS_SEARCH_USER_PATHS = NO;
				ASSETCATALOG_COMPILER_GENERATE_SWIFT_ASSET_SYMBOL_EXTENSIONS = YES;
				CLANG_ANALYZER_NONNULL = YES;
				CLANG_ANALYZER_NUMBER_OBJECT_CONVERSION = YES_AGGRESSIVE;
				CLANG_CXX_LANGUAGE_STANDARD = "gnu++20";
				CLANG_ENABLE_MODULES = YES;
				CLANG_ENABLE_OBJC_ARC = YES;
				CLANG_ENABLE_OBJC_WEAK = YES;
				CLANG_WARN_BLOCK_CAPTURE_AUTORELEASING = YES;
				CLANG_WARN_BOOL_CONVERSION = YES;
				CLANG_WARN_COMMA = YES;
				CLANG_WARN_CONSTANT_CONVERSION = YES;
				CLANG_WARN_DEPRECATED_OBJC_IMPLEMENTATIONS = YES;
				CLANG_WARN_DIRECT_OBJC_ISA_USAGE = YES_ERROR;
				CLANG_WARN_DOCUMENTATION_COMMENTS = YES;
				CLANG_WARN_EMPTY_BODY = YES;
				CLANG_WARN_ENUM_CONVERSION = YES;
				CLANG_WARN_INFINITE_RECURSION = YES;
				CLANG_WARN_INT_CONVERSION = YES;
				CLANG_WARN_NON_LITERAL_NULL_CONVERSION = YES;
				CLANG_WARN_OBJC_IMPLICIT_RETAIN_SELF = YES;
				CLANG_WARN_OBJC_LITERAL_CONVERSION = YES;
				CLANG_WARN_OBJC_ROOT_CLASS = YES_ERROR;
				CLANG_WARN_QUOTED_INCLUDE_IN_FRAMEWORK_HEADER = YES;
				CLANG_WARN_RANGE_LOOP_ANALYSIS = YES;
				CLANG_WARN_STRICT_PROTOTYPES = YES;
				CLANG_WARN_SUSPICIOUS_MOVE = YES;
				CLANG_WARN_UNGUARDED_AVAILABILITY = YES_AGGRESSIVE;
				CLANG_WARN_UNREACHABLE_CODE = YES;
				CLANG_WARN__DUPLICATE_METHOD_MATCH = YES;
				COPY_PHASE_STRIP = NO;
				DEBUG_INFORMATION_FORMAT = dwarf;
				ENABLE_STRICT_OBJC_MSGSEND = YES;
				ENABLE_TESTABILITY = YES;
				ENABLE_USER_SCRIPT_SANDBOXING = YES;
				GCC_C_LANGUAGE_STANDARD = gnu17;
				GCC_DYNAMIC_NO_PIC = NO;
				GCC_NO_COMMON_BLOCKS = YES;
				GCC_OPTIMIZATION_LEVEL = 0;
				GCC_PREPROCESSOR_DEFINITIONS = (
					"DEBUG=1",
					"$(inherited)",
				);
				GCC_WARN_64_TO_32_BIT_CONVERSION = YES;
				GCC_WARN_ABOUT_RETURN_TYPE = YES_ERROR;
				GCC_WARN_UNDECLARED_SELECTOR = YES;
				GCC_WARN_UNINITIALIZED_AUTOS = YES_AGGRESSIVE;
				GCC_WARN_UNUSED_FUNCTION = YES;
				GCC_WARN_UNUSED_VARIABLE = YES;
				IPHONEOS_DEPLOYMENT_TARGET = 17.5;
				LOCALIZATION_PREFERS_STRING_CATALOGS = YES;
				MTL_ENABLE_DEBUG_INFO = INCLUDE_SOURCE;
				MTL_FAST_MATH = YES;
				ONLY_ACTIVE_ARCH = YES;
				SDKROOT = iphoneos;
				SWIFT_ACTIVE_COMPILATION_CONDITIONS = "DEBUG $(inherited)";
				SWIFT_OPTIMIZATION_LEVEL = "-Onone";
			};
			name = Debug;
		};
		365D06A42C594B9200E0DA73 /* Release */ = {
			isa = XCBuildConfiguration;
			buildSettings = {
				ALWAYS_SEARCH_USER_PATHS = NO;
				ASSETCATALOG_COMPILER_GENERATE_SWIFT_ASSET_SYMBOL_EXTENSIONS = YES;
				CLANG_ANALYZER_NONNULL = YES;
				CLANG_ANALYZER_NUMBER_OBJECT_CONVERSION = YES_AGGRESSIVE;
				CLANG_CXX_LANGUAGE_STANDARD = "gnu++20";
				CLANG_ENABLE_MODULES = YES;
				CLANG_ENABLE_OBJC_ARC = YES;
				CLANG_ENABLE_OBJC_WEAK = YES;
				CLANG_WARN_BLOCK_CAPTURE_AUTORELEASING = YES;
				CLANG_WARN_BOOL_CONVERSION = YES;
				CLANG_WARN_COMMA = YES;
				CLANG_WARN_CONSTANT_CONVERSION = YES;
				CLANG_WARN_DEPRECATED_OBJC_IMPLEMENTATIONS = YES;
				CLANG_WARN_DIRECT_OBJC_ISA_USAGE = YES_ERROR;
				CLANG_WARN_DOCUMENTATION_COMMENTS = YES;
				CLANG_WARN_EMPTY_BODY = YES;
				CLANG_WARN_ENUM_CONVERSION = YES;
				CLANG_WARN_INFINITE_RECURSION = YES;
				CLANG_WARN_INT_CONVERSION = YES;
				CLANG_WARN_NON_LITERAL_NULL_CONVERSION = YES;
				CLANG_WARN_OBJC_IMPLICIT_RETAIN_SELF = YES;
				CLANG_WARN_OBJC_LITERAL_CONVERSION = YES;
				CLANG_WARN_OBJC_ROOT_CLASS = YES_ERROR;
				CLANG_WARN_QUOTED_INCLUDE_IN_FRAMEWORK_HEADER = YES;
				CLANG_WARN_RANGE_LOOP_ANALYSIS = YES;
				CLANG_WARN_STRICT_PROTOTYPES = YES;
				CLANG_WARN_SUSPICIOUS_MOVE = YES;
				CLANG_WARN_UNGUARDED_AVAILABILITY = YES_AGGRESSIVE;
				CLANG_WARN_UNREACHABLE_CODE = YES;
				CLANG_WARN__DUPLICATE_METHOD_MATCH = YES;
				COPY_PHASE_STRIP = NO;
				DEBUG_INFORMATION_FORMAT = "dwarf-with-dsym";
				ENABLE_NS_ASSERTIONS = NO;
				ENABLE_STRICT_OBJC_MSGSEND = YES;
				ENABLE_USER_SCRIPT_SANDBOXING = YES;
				GCC_C_LANGUAGE_STANDARD = gnu17;
				GCC_NO_COMMON_BLOCKS = YES;
				GCC_WARN_64_TO_32_BIT_CONVERSION = YES;
				GCC_WARN_ABOUT_RETURN_TYPE = YES_ERROR;
				GCC_WARN_UNDECLARED_SELECTOR = YES;
				GCC_WARN_UNINITIALIZED_AUTOS = YES_AGGRESSIVE;
				GCC_WARN_UNUSED_FUNCTION = YES;
				GCC_WARN_UNUSED_VARIABLE = YES;
				IPHONEOS_DEPLOYMENT_TARGET = 17.5;
				LOCALIZATION_PREFERS_STRING_CATALOGS = YES;
				MTL_ENABLE_DEBUG_INFO = NO;
				MTL_FAST_MATH = YES;
				SDKROOT = iphoneos;
				SWIFT_COMPILATION_MODE = wholemodule;
				VALIDATE_PRODUCT = YES;
			};
			name = Release;
		};
		365D06A62C594B9200E0DA73 /* Debug */ = {
			isa = XCBuildConfiguration;
			buildSettings = {
				ASSETCATALOG_COMPILER_APPICON_NAME = AppIcon;
				ASSETCATALOG_COMPILER_GLOBAL_ACCENT_COLOR_NAME = AccentColor;
				CODE_SIGN_STYLE = Automatic;
				CURRENT_PROJECT_VERSION = 1;
				DEVELOPMENT_ASSET_PATHS = "\"Koin/Preview Content\"";
				DEVELOPMENT_TEAM = S5L3P52742;
				ENABLE_PREVIEWS = YES;
				GENERATE_INFOPLIST_FILE = YES;
				INFOPLIST_KEY_UIApplicationSceneManifest_Generation = YES;
				INFOPLIST_KEY_UIApplicationSupportsIndirectInputEvents = YES;
				INFOPLIST_KEY_UILaunchScreen_Generation = YES;
				INFOPLIST_KEY_UISupportedInterfaceOrientations_iPad = "UIInterfaceOrientationPortrait UIInterfaceOrientationPortraitUpsideDown UIInterfaceOrientationLandscapeLeft UIInterfaceOrientationLandscapeRight";
				INFOPLIST_KEY_UISupportedInterfaceOrientations_iPhone = "UIInterfaceOrientationPortrait UIInterfaceOrientationLandscapeLeft UIInterfaceOrientationLandscapeRight";
				LD_RUNPATH_SEARCH_PATHS = (
					"$(inherited)",
					"@executable_path/Frameworks",
				);
				MARKETING_VERSION = 1.0;
				PRODUCT_BUNDLE_IDENTIFIER = canovskie.Koin;
				PRODUCT_NAME = "$(TARGET_NAME)";
				SWIFT_EMIT_LOC_STRINGS = YES;
				SWIFT_VERSION = 5.0;
				TARGETED_DEVICE_FAMILY = "1,2";
			};
			name = Debug;
		};
		365D06A72C594B9200E0DA73 /* Release */ = {
			isa = XCBuildConfiguration;
			buildSettings = {
				ASSETCATALOG_COMPILER_APPICON_NAME = AppIcon;
				ASSETCATALOG_COMPILER_GLOBAL_ACCENT_COLOR_NAME = AccentColor;
				CODE_SIGN_STYLE = Automatic;
				CURRENT_PROJECT_VERSION = 1;
				DEVELOPMENT_ASSET_PATHS = "\"Koin/Preview Content\"";
				DEVELOPMENT_TEAM = S5L3P52742;
				ENABLE_PREVIEWS = YES;
				GENERATE_INFOPLIST_FILE = YES;
				INFOPLIST_KEY_UIApplicationSceneManifest_Generation = YES;
				INFOPLIST_KEY_UIApplicationSupportsIndirectInputEvents = YES;
				INFOPLIST_KEY_UILaunchScreen_Generation = YES;
				INFOPLIST_KEY_UISupportedInterfaceOrientations_iPad = "UIInterfaceOrientationPortrait UIInterfaceOrientationPortraitUpsideDown UIInterfaceOrientationLandscapeLeft UIInterfaceOrientationLandscapeRight";
				INFOPLIST_KEY_UISupportedInterfaceOrientations_iPhone = "UIInterfaceOrientationPortrait UIInterfaceOrientationLandscapeLeft UIInterfaceOrientationLandscapeRight";
				LD_RUNPATH_SEARCH_PATHS = (
					"$(inherited)",
					"@executable_path/Frameworks",
				);
				MARKETING_VERSION = 1.0;
				PRODUCT_BUNDLE_IDENTIFIER = canovskie.Koin;
				PRODUCT_NAME = "$(TARGET_NAME)";
				SWIFT_EMIT_LOC_STRINGS = YES;
				SWIFT_VERSION = 5.0;
				TARGETED_DEVICE_FAMILY = "1,2";
			};
			name = Release;
		};
/* End XCBuildConfiguration section */

/* Begin XCConfigurationList section */
		365D06922C594B8E00E0DA73 /* Build configuration list for PBXProject "Koin" */ = {
			isa = XCConfigurationList;
			buildConfigurations = (
				365D06A32C594B9200E0DA73 /* Debug */,
				365D06A42C594B9200E0DA73 /* Release */,
			);
			defaultConfigurationIsVisible = 0;
			defaultConfigurationName = Release;
		};
		365D06A52C594B9200E0DA73 /* Build configuration list for PBXNativeTarget "Koin" */ = {
			isa = XCConfigurationList;
			buildConfigurations = (
				365D06A62C594B9200E0DA73 /* Debug */,
				365D06A72C594B9200E0DA73 /* Release */,
			);
			defaultConfigurationIsVisible = 0;
			defaultConfigurationName = Release;
		};
/* End XCConfigurationList section */
	};
	rootObject = 365D068F2C594B8E00E0DA73 /* Project object */;
}
